# THIS IS AN AUTOGENERATED FILE. DO NOT EDIT THIS FILE DIRECTLY.
# yarn lockfile v1


"@roamhq/wrtc-darwin-arm64@0.9.1":
  version "0.9.1"
  resolved "https://registry.yarnpkg.com/@roamhq/wrtc-darwin-arm64/-/wrtc-darwin-arm64-0.9.1.tgz#b8602671763bc6d5ab67cd9446d88145154d971a"
  integrity sha512-+g0+nLeZrsAeuzD663y9wbkRns8s/u5nMt/swiUa0G0mQaIRc7zSe77gRGd3E4lMgQ2VyUMV607SCM1OjVdmyg==

"@roamhq/wrtc-darwin-x64@0.9.1":
  version "0.9.1"
  resolved "https://registry.yarnpkg.com/@roamhq/wrtc-darwin-x64/-/wrtc-darwin-x64-0.9.1.tgz#201b4dba9868e9cf4e299349f4106b49c503b7db"
  integrity sha512-W24zSe9s6c9Tu1owP8RHg7xqW/JRMl6TRAf8pLWGgXuIeI79jVx1A9MvKTlwLM4AAZmWY0rMHYOzJg6aTb+qkQ==

"@roamhq/wrtc-linux-arm64@0.9.1":
  version "0.9.1"
  resolved "https://registry.yarnpkg.com/@roamhq/wrtc-linux-arm64/-/wrtc-linux-arm64-0.9.1.tgz#c35b67304dcc16b25ab832d709d24e64fd8aa59a"
  integrity sha512-PeXkYGNcojjXvpHbI+R/YIUUkTWVrFaS5iQD55iGYbGBcBzU23wzpK0x/TvCQ0Ok4gimK985tgHKimbsVrs2Yw==

"@roamhq/wrtc-linux-x64@0.9.1":
  version "0.9.1"
  resolved "https://registry.yarnpkg.com/@roamhq/wrtc-linux-x64/-/wrtc-linux-x64-0.9.1.tgz#58fdab71e2ccd2e6d5b0c47c97932b5fa6680c87"
  integrity sha512-LuhzPdMM3i8vs/ifdj1F1pjpX2OhJSCWdh03UQXjRHoX+Fi1oJXiZRwKoVKu1BbsKCYfJ8m9jZB1ZU4Lhi8yHw==

"@roamhq/wrtc-win32-x64@0.9.1":
  version "0.9.1"
  resolved "https://registry.yarnpkg.com/@roamhq/wrtc-win32-x64/-/wrtc-win32-x64-0.9.1.tgz#4443aa7cf1453c8e8e3b404997cda823b64a36cd"
  integrity sha512-xyxqCpHxp71MY/3LaFTj3WDvOnu8GaDht1M0LAIGamwkQUg45X/zkzbfeIS7g8f/ZvItAjFa6cUkSUuhK3/rGg==

"@roamhq/wrtc@^0.9.0":
  version "0.9.1"
  resolved "https://registry.yarnpkg.com/@roamhq/wrtc/-/wrtc-0.9.1.tgz#2f7de58d5967a2dffbae4ed23cf63ddf6da3d46c"
  integrity sha512-WQH9DaN3kGv9+wxeRtxkSykmVQWl44VTX9XsMLmR5jtcsGxin+72U9uGlDjME0gwNNBHDKY3CgUGYI8ZYg8Jdw==
  optionalDependencies:
    "@roamhq/wrtc-darwin-arm64" "0.9.1"
    "@roamhq/wrtc-darwin-x64" "0.9.1"
    "@roamhq/wrtc-linux-arm64" "0.9.1"
    "@roamhq/wrtc-linux-x64" "0.9.1"
    "@roamhq/wrtc-win32-x64" "0.9.1"
    domexception "^4.0.0"

domexception@^4.0.0:
  version "4.0.0"
  resolved "https://registry.yarnpkg.com/domexception/-/domexception-4.0.0.tgz#4ad1be56ccadc86fc76d033353999a8037d03673"
  integrity sha512-A2is4PLG+eeSfoTMA95/s4pvAoSo2mKtiM5jlHkAVewmiO8ISFTFKZjH7UAM1Atli/OT/7JHOrJRJiMKUZKYBw==
  dependencies:
    webidl-conversions "^7.0.0"

webidl-conversions@^7.0.0:
  version "7.0.0"
  resolved "https://registry.yarnpkg.com/webidl-conversions/-/webidl-conversions-7.0.0.tgz#256b4e1882be7debbf01d05f0aa2039778ea080a"
  integrity sha512-VwddBukDzu71offAQR975unBIGqfKZpM+8ZX6ySk8nYhVoo5CYaZyzt3YBvYtRtO+aoGlqxPg/B87NGVZ/fu6g==
